<?xml version="1.0" encoding="utf-8"?>
<Project ToolsVersion="4.0" xmlns="http://schemas.microsoft.com/developer/msbuild/2003">
  <ItemGroup>
    <Filter Include="Source Files">
      <UniqueIdentifier>{4FC737F1-C7A5-4376-A066-2A32D752A2FF}</UniqueIdentifier>
      <Extensions>cpp;c;cc;cxx;c++;cppm;ixx;def;odl;idl;hpj;bat;asm;asmx</Extensions>
    </Filter>
    <Filter Include="Header Files">
      <UniqueIdentifier>{93995380-89BD-4b04-88EB-625FBE52EBFB}</UniqueIdentifier>
      <Extensions>h;hh;hpp;hxx;h++;hm;inl;inc;ipp;xsd</Extensions>
    </Filter>
    <Filter Include="Resource Files">
      <UniqueIdentifier>{67DA6AB6-F800-4c08-8B7A-83BB121AAD01}</UniqueIdentifier>
      <Extensions>rc;ico;cur;bmp;dlg;rc2;rct;bin;rgs;gif;jpg;jpeg;jpe;resx;tiff;tif;png;wav;mfcribbon-ms</Extensions>
    </Filter>
  </ItemGroup>
  <ItemGroup>
    <ClCompile Include="src\main.cpp">
      <Filter>Source Files</Filter>
    </ClCompile>
    <ClCompile Include="include\tiny_object_loader.cc">
      <Filter>Source Files</Filter>
    </ClCompile>
    <ClCompile Include="include\std_image.cpp">
      <Filter>Source Files</Filter>
    </ClCompile>
    <ClCompile Include="include\tiny_obj_loader.h">
      <Filter>Header Files</Filter>
    </ClCompile>
    <ClCompile Include="src\components\transform_component.cpp">
      <Filter>Source Files</Filter>
    </ClCompile>
    <ClCompile Include="src\libs\object.cpp">
      <Filter>Source Files</Filter>
    </ClCompile>
    <ClCompile Include="src\libs\texture.cpp">
      <Filter>Source Files</Filter>
    </ClCompile>
    <ClCompile Include="src\libs\shader.cpp">
      <Filter>Source Files</Filter>
    </ClCompile>
    <ClCompile Include="src\libs\shader_source.cpp">
      <Filter>Source Files</Filter>
    </ClCompile>
    <ClCompile Include="src\libs\mesh.cpp">
      <Filter>Source Files</Filter>
    </ClCompile>
    <ClCompile Include="src\libs\material.cpp">
      <Filter>Source Files</Filter>
    </ClCompile>
  </ItemGroup>
  <ItemGroup>
    <ClInclude Include="src\libs\shader.hpp">
      <Filter>Header Files</Filter>
    </ClInclude>
    <ClInclude Include="src\libs\object.hpp">
      <Filter>Header Files</Filter>
    </ClInclude>
    <ClInclude Include="src\entities\loaded_obj.hpp">
      <Filter>Header Files</Filter>
    </ClInclude>
    <ClInclude Include="src\entities\crosshair.hpp">
      <Filter>Header Files</Filter>
    </ClInclude>
    <ClInclude Include="src\entities\player.hpp">
      <Filter>Header Files</Filter>
    </ClInclude>
    <ClInclude Include="src\entities\camera.hpp">
      <Filter>Header Files</Filter>
    </ClInclude>
    <ClInclude Include="src\components\component_base.hpp">
      <Filter>Header Files</Filter>
    </ClInclude>
    <ClInclude Include="src\components\render_2d_component.hpp">
      <Filter>Header Files</Filter>
    </ClInclude>
    <ClInclude Include="src\components\render_3d_component.hpp">
      <Filter>Header Files</Filter>
    </ClInclude>
    <ClInclude Include="src\components\transform_component.hpp">
      <Filter>Header Files</Filter>
    </ClInclude>
    <ClInclude Include="src\libs\material.hpp">
      <Filter>Header Files</Filter>
    </ClInclude>
    <ClInclude Include="src\libs\mesh.hpp">
      <Filter>Header Files</Filter>
    </ClInclude>
    <ClInclude Include="include\scolor.hpp">
      <Filter>Header Files</Filter>
    </ClInclude>
    <ClInclude Include="include\stb_image.h">
      <Filter>Header Files</Filter>
    </ClInclude>
    <ClInclude Include="src\libs\texture.hpp">
      <Filter>Header Files</Filter>
    </ClInclude>
    <ClInclude Include="src\libs\uniform.hpp">
      <Filter>Header Files</Filter>
    </ClInclude>
    <ClInclude Include="src\libs\vertex.hpp">
      <Filter>Header Files</Filter>
    </ClInclude>
    <ClInclude Include="src\libs\shader_source.hpp">
      <Filter>Header Files</Filter>
    </ClInclude>
    <ClInclude Include="src\game\cube.hpp">
      <Filter>Header Files</Filter>
    </ClInclude>
    <ClInclude Include="src\game\earth.hpp">
      <Filter>Header Files</Filter>
    </ClInclude>
  </ItemGroup>
  <ItemGroup>
    <None Include="obj\cube.mtl" />
    <None Include="src\shaders\crosshair_fragment_shader.glsl" />
    <None Include="src\shaders\crosshair_vertex_shader.glsl" />
    <None Include="src\shaders\fragment_shader.glsl" />
    <None Include="src\shaders\loaded_obj_fragment_shader.glsl" />
    <None Include="src\shaders\loaded_obj_vertex_shader.glsl" />
    <None Include="src\shaders\vertex_shader.glsl" />
  </ItemGroup>
  <ItemGroup>
    <Image Include="objects\textures\shooting_gallery\door_model_01_0.png">
      <Filter>Resource Files</Filter>
    </Image>
    <Image Include="objects\textures\shooting_gallery\sh_mz_hari_01_0.png">
      <Filter>Resource Files</Filter>
    </Image>
    <Image Include="objects\textures\shooting_gallery\sh_mz_kabe_01_1500.png">
      <Filter>Resource Files</Filter>
    </Image>
    <Image Include="objects\textures\shooting_gallery\sh_mz_kabe_02_6900.png">
      <Filter>Resource Files</Filter>
    </Image>
    <Image Include="objects\textures\shooting_gallery\sh_mz_kanban_01_9300.png">
      <Filter>Resource Files</Filter>
    </Image>
    <Image Include="objects\textures\shooting_gallery\sh_mz_kasa_01_BD00.png">
      <Filter>Resource Files</Filter>
    </Image>
    <Image Include="objects\textures\shooting_gallery\sh_mz_ki_01_E700.png">
      <Filter>Resource Files</Filter>
    </Image>
    <Image Include="objects\textures\shooting_gallery\sh_mz_ki_02_11100.png">
      <Filter>Resource Files</Filter>
    </Image>
    <Image Include="objects\textures\shooting_gallery\sh_mz_komono_01_13B00.png">
      <Filter>Resource Files</Filter>
    </Image>
    <Image Include="objects\textures\shooting_gallery\sh_mz_komono_02_1E300.png">
      <Filter>Resource Files</Filter>
    </Image>
    <Image Include="objects\textures\shooting_gallery\sh_mz_komono_gl_28B00.png">
      <Filter>Resource Files</Filter>
    </Image>
    <Image Include="objects\textures\shooting_gallery\sh_mz_mat_01_2BF80.png">
      <Filter>Resource Files</Filter>
    </Image>
    <Image Include="objects\textures\shooting_gallery\sh_mz_nawa_01_2E980.png">
      <Filter>Resource Files</Filter>
    </Image>
    <Image Include="objects\textures\shooting_gallery\sh_mz_nawa_02_2FD80.png">
      <Filter>Resource Files</Filter>
    </Image>
    <Image Include="objects\textures\shooting_gallery\sh_mz_omocha_01_32581.png">
      <Filter>Resource Files</Filter>
    </Image>
    <Image Include="objects\textures\shooting_gallery\sh_mz_omocha_01_32582.png">
      <Filter>Resource Files</Filter>
    </Image>
    <Image Include="objects\textures\shooting_gallery\sh_mz_pos_01_37980.png">
      <Filter>Resource Files</Filter>
    </Image>
    <Image Include="objects\textures\shooting_gallery\sh_mz_scr_01_3CD80.png">
      <Filter>Resource Files</Filter>
    </Image>
    <Image Include="objects\textures\shooting_gallery\sh_mz_sp_01_2B500.png">
      <Filter>Resource Files</Filter>
    </Image>
    <Image Include="objects\textures\shooting_gallery\sh_mz_torc_01_51D80.png">
      <Filter>Resource Files</Filter>
    </Image>
    <Image Include="objects\textures\shooting_gallery\sh_mz_torc_02_57180.png">
      <Filter>Resource Files</Filter>
    </Image>
    <Image Include="objects\textures\shooting_gallery\sh_mz_uvwater_0_57B80.png">
      <Filter>Resource Files</Filter>
    </Image>
    <Image Include="objects\textures\shooting_gallery\sh_mz_wt_01_58600.png">
      <Filter>Resource Files</Filter>
    </Image>
    <Image Include="objects\textures\shooting_gallery\sh_mz_yuka_01_59000.png">
      <Filter>Resource Files</Filter>
    </Image>
    <Image Include="objects\textures\shooting_gallery\tokei_room_01_0.png.001.png">
      <Filter>Resource Files</Filter>
    </Image>
    <Image Include="objects\textures\shooting_gallery\z2_hari_model_0_0.png.001.png">
      <Filter>Resource Files</Filter>
    </Image>
    <Image Include="objects\textures\shooting_gallery\z2_paneru_model_0.png.001.png">
      <Filter>Resource Files</Filter>
    </Image>
    <Image Include="objects\textures\shooting_gallery\z2_tannsin_mode_0.png.001.png">
      <Filter>Resource Files</Filter>
    </Image>
    <Image Include="objects\textures\shooting_gallery\z2_tannsin_mode_2A00.png.001.png">
      <Filter>Resource Files</Filter>
    </Image>
  </ItemGroup>
  <ItemGroup>
    <Object Include="obj\cube.obj" />
  </ItemGroup>
</Project>